// !$*UTF8*$!
{
	archiveVersion = 1;
	classes = {
	};
	objectVersion = 56;
	objects = {

/* Begin PBXBuildFile section */
		CC7CDE112BB859050022BF33 /* AppDelegate.swift in Sources */ = {isa = PBXBuildFile; fileRef = CC7CDE102BB859050022BF33 /* AppDelegate.swift */; };
		CC7CDE132BB859050022BF33 /* SceneDelegate.swift in Sources */ = {isa = PBXBuildFile; fileRef = CC7CDE122BB859050022BF33 /* SceneDelegate.swift */; };
		CC7CDE152BB859050022BF33 /* ViewController.swift in Sources */ = {isa = PBXBuildFile; fileRef = CC7CDE142BB859050022BF33 /* ViewController.swift */; };
		CC7CDE182BB859050022BF33 /* Base in Resources */ = {isa = PBXBuildFile; fileRef = CC7CDE172BB859050022BF33 /* Base */; };
		CC7CDE1A2BB859060022BF33 /* Assets.xcassets in Resources */ = {isa = PBXBuildFile; fileRef = CC7CDE192BB859060022BF33 /* Assets.xcassets */; };
		CC7CDE1D2BB859060022BF33 /* Base in Resources */ = {isa = PBXBuildFile; fileRef = CC7CDE1C2BB859060022BF33 /* Base */; };
		CC7CDE252BB859820022BF33 /* KimTodoListViewController.swift in Sources */ = {isa = PBXBuildFile; fileRef = CC7CDE242BB859820022BF33 /* KimTodoListViewController.swift */; };
		CC7CDE292BB85C6F0022BF33 /* KimTableViewCell.swift in Sources */ = {isa = PBXBuildFile; fileRef = CC7CDE282BB85C6F0022BF33 /* KimTableViewCell.swift */; };
		CC7CDE2B2BB8634F0022BF33 /* KimTodo.swift in Sources */ = {isa = PBXBuildFile; fileRef = CC7CDE2A2BB8634F0022BF33 /* KimTodo.swift */; };
/* End PBXBuildFile section */

/* Begin PBXFileReference section */
		CC7CDE0D2BB859050022BF33 /* KimsToDo.app */ = {isa = PBXFileReference; explicitFileType = wrapper.application; includeInIndex = 0; path = KimsToDo.app; sourceTree = BUILT_PRODUCTS_DIR; };
		CC7CDE102BB859050022BF33 /* AppDelegate.swift */ = {isa = PBXFileReference; lastKnownFileType = sourcecode.swift; path = AppDelegate.swift; sourceTree = "<group>"; };
		CC7CDE122BB859050022BF33 /* SceneDelegate.swift */ = {isa = PBXFileReference; lastKnownFileType = sourcecode.swift; path = SceneDelegate.swift; sourceTree = "<group>"; };
		CC7CDE142BB859050022BF33 /* ViewController.swift */ = {isa = PBXFileReference; lastKnownFileType = sourcecode.swift; path = ViewController.swift; sourceTree = "<group>"; };
		CC7CDE172BB859050022BF33 /* Base */ = {isa = PBXFileReference; lastKnownFileType = file.storyboard; name = Base; path = Base.lproj/Main.storyboard; sourceTree = "<group>"; };
		CC7CDE192BB859060022BF33 /* Assets.xcassets */ = {isa = PBXFileReference; lastKnownFileType = folder.assetcatalog; path = Assets.xcassets; sourceTree = "<group>"; };
		CC7CDE1C2BB859060022BF33 /* Base */ = {isa = PBXFileReference; lastKnownFileType = file.storyboard; name = Base; path = Base.lproj/LaunchScreen.storyboard; sourceTree = "<group>"; };
		CC7CDE1E2BB859060022BF33 /* Info.plist */ = {isa = PBXFileReference; lastKnownFileType = text.plist.xml; path = Info.plist; sourceTree = "<group>"; };
		CC7CDE242BB859820022BF33 /* KimTodoListViewController.swift */ = {isa = PBXFileReference; lastKnownFileType = sourcecode.swift; path = KimTodoListViewController.swift; sourceTree = "<group>"; };
		CC7CDE282BB85C6F0022BF33 /* KimTableViewCell.swift */ = {isa = PBXFileReference; lastKnownFileType = sourcecode.swift; path = KimTableViewCell.swift; sourceTree = "<group>"; };
		CC7CDE2A2BB8634F0022BF33 /* KimTodo.swift */ = {isa = PBXFileReference; lastKnownFileType = sourcecode.swift; path = KimTodo.swift; sourceTree = "<group>"; };
/* End PBXFileReference section */

/* Begin PBXFrameworksBuildPhase section */
		CC7CDE0A2BB859050022BF33 /* Frameworks */ = {
			isa = PBXFrameworksBuildPhase;
			buildActionMask = 2147483647;
			files = (
			);
			runOnlyForDeploymentPostprocessing = 0;
		};
/* End PBXFrameworksBuildPhase section */

/* Begin PBXGroup section */
		CC7CDE042BB859050022BF33 = {
			isa = PBXGroup;
			children = (
				CC7CDE0F2BB859050022BF33 /* KimsToDo */,
				CC7CDE0E2BB859050022BF33 /* Products */,
			);
			sourceTree = "<group>";
		};
		CC7CDE0E2BB859050022BF33 /* Products */ = {
			isa = PBXGroup;
			children = (
				CC7CDE0D2BB859050022BF33 /* KimsToDo.app */,
			);
			name = Products;
			sourceTree = "<group>";
		};
		CC7CDE0F2BB859050022BF33 /* KimsToDo */ = {
			isa = PBXGroup;
			children = (
				CC7CDE102BB859050022BF33 /* AppDelegate.swift */,
				CC7CDE122BB859050022BF33 /* SceneDelegate.swift */,
				CC7CDE142BB859050022BF33 /* ViewController.swift */,
				CC7CDE242BB859820022BF33 /* KimTodoListViewController.swift */,
				CC7CDE282BB85C6F0022BF33 /* KimTableViewCell.swift */,
				CC7CDE162BB859050022BF33 /* Main.storyboard */,
				CC7CDE2A2BB8634F0022BF33 /* KimTodo.swift */,
				CC7CDE192BB859060022BF33 /* Assets.xcassets */,
				CC7CDE1B2BB859060022BF33 /* LaunchScreen.storyboard */,
				CC7CDE1E2BB859060022BF33 /* Info.plist */,
			);
			path = KimsToDo;
			sourceTree = "<group>";
		};
/* End PBXGroup section */

/* Begin PBXNativeTarget section */
		CC7CDE0C2BB859050022BF33 /* KimsToDo */ = {
			isa = PBXNativeTarget;
			buildConfigurationList = CC7CDE212BB859060022BF33 /* Build configuration list for PBXNativeTarget "KimsToDo" */;
			buildPhases = (
				CC7CDE092BB859050022BF33 /* Sources */,
				CC7CDE0A2BB859050022BF33 /* Frameworks */,
				CC7CDE0B2BB859050022BF33 /* Resources */,
			);
			buildRules = (
			);
			dependencies = (
			);
			name = KimsToDo;
			productName = KimsToDo;
			productReference = CC7CDE0D2BB859050022BF33 /* KimsToDo.app */;
			productType = "com.apple.product-type.application";
		};
/* End PBXNativeTarget section */

/* Begin PBXProject section */
		CC7CDE052BB859050022BF33 /* Project object */ = {
			isa = PBXProject;
			attributes = {
				BuildIndependentTargetsInParallel = 1;
				LastSwiftUpdateCheck = 1530;
				LastUpgradeCheck = 1530;
				TargetAttributes = {
					CC7CDE0C2BB859050022BF33 = {
						CreatedOnToolsVersion = 15.3;
					};
				};
			};
			buildConfigurationList = CC7CDE082BB859050022BF33 /* Build configuration list for PBXProject "KimsToDo" */;
			compatibilityVersion = "Xcode 14.0";
			developmentRegion = en;
			hasScannedForEncodings = 0;
			knownRegions = (
				en,
				Base,
			);
			mainGroup = CC7CDE042BB859050022BF33;
			productRefGroup = CC7CDE0E2BB859050022BF33 /* Products */;
			projectDirPath = "";
			projectRoot = "";
			targets = (
				CC7CDE0C2BB859050022BF33 /* KimsToDo */,
			);
		};
/* End PBXProject section */

/* Begin PBXResourcesBuildPhase section */
		CC7CDE0B2BB859050022BF33 /* Resources */ = {
			isa = PBXResourcesBuildPhase;
			buildActionMask = 2147483647;
			files = (
				CC7CDE1A2BB859060022BF33 /* Assets.xcassets in Resources */,
				CC7CDE1D2BB859060022BF33 /* Base in Resources */,
				CC7CDE182BB859050022BF33 /* Base in Resources */,
			);
			runOnlyForDeploymentPostprocessing = 0;
		};
/* End PBXResourcesBuildPhase section */

/* Begin PBXSourcesBuildPhase section */
		CC7CDE092BB859050022BF33 /* Sources */ = {
			isa = PBXSourcesBuildPhase;
			buildActionMask = 2147483647;
			files = (
				CC7CDE292BB85C6F0022BF33 /* KimTableViewCell.swift in Sources */,
				CC7CDE252BB859820022BF33 /* KimTodoListViewController.swift in Sources */,
				CC7CDE152BB859050022BF33 /* ViewController.swift in Sources */,
				CC7CDE112BB859050022BF33 /* AppDelegate.swift in Sources */,
				CC7CDE132BB859050022BF33 /* SceneDelegate.swift in Sources */,
				CC7CDE2B2BB8634F0022BF33 /* KimTodo.swift in Sources */,
			);
			runOnlyForDeploymentPostprocessing = 0;
		};
/* End PBXSourcesBuildPhase section */

/* Begin PBXVariantGroup section */
		CC7CDE162BB859050022BF33 /* Main.storyboard */ = {
			isa = PBXVariantGroup;
			children = (
				CC7CDE172BB859050022BF33 /* Base */,
			);
			name = Main.storyboard;
			sourceTree = "<group>";
		};
		CC7CDE1B2BB859060022BF33 /* LaunchScreen.storyboard */ = {
			isa = PBXVariantGroup;
			children = (
				CC7CDE1C2BB859060022BF33 /* Base */,
			);
			name = LaunchScreen.storyboard;
			sourceTree = "<group>";
		};
/* End PBXVariantGroup section */

/* Begin XCBuildConfiguration section */
		CC7CDE1F2BB859060022BF33 /* Debug */ = {
			isa = XCBuildConfiguration;
			buildSettings = {
				ALWAYS_SEARCH_USER_PATHS = NO;
				ASSETCATALOG_COMPILER_GENERATE_SWIFT_ASSET_SYMBOL_EXTENSIONS = YES;
				CLANG_ANALYZER_NONNULL = YES;
				CLANG_ANALYZER_NUMBER_OBJECT_CONVERSION = YES_AGGRESSIVE;
				CLANG_CXX_LANGUAGE_STANDARD = "gnu++20";
				CLANG_ENABLE_MODULES = YES;
				CLANG_ENABLE_OBJC_ARC = YES;
				CLANG_ENABLE_OBJC_WEAK = YES;
				CLANG_WARN_BLOCK_CAPTURE_AUTORELEASING = YES;
				CLANG_WARN_BOOL_CONVERSION = YES;
				CLANG_WARN_COMMA = YES;
				CLANG_WARN_CONSTANT_CONVERSION = YES;
				CLANG_WARN_DEPRECATED_OBJC_IMPLEMENTATIONS = YES;
				CLANG_WARN_DIRECT_OBJC_ISA_USAGE = YES_ERROR;
				CLANG_WARN_DOCUMENTATION_COMMENTS = YES;
				CLANG_WARN_EMPTY_BODY = YES;
				CLANG_WARN_ENUM_CONVERSION = YES;
				CLANG_WARN_INFINITE_RECURSION = YES;
				CLANG_WARN_INT_CONVERSION = YES;
				CLANG_WARN_NON_LITERAL_NULL_CONVERSION = YES;
				CLANG_WARN_OBJC_IMPLICIT_RETAIN_SELF = YES;
				CLANG_WARN_OBJC_LITERAL_CONVERSION = YES;
				CLANG_WARN_OBJC_ROOT_CLASS = YES_ERROR;
				CLANG_WARN_QUOTED_INCLUDE_IN_FRAMEWORK_HEADER = YES;
				CLANG_WARN_RANGE_LOOP_ANALYSIS = YES;
				CLANG_WARN_STRICT_PROTOTYPES = YES;
				CLANG_WARN_SUSPICIOUS_MOVE = YES;
				CLANG_WARN_UNGUARDED_AVAILABILITY = YES_AGGRESSIVE;
				CLANG_WARN_UNREACHABLE_CODE = YES;
				CLANG_WARN__DUPLICATE_METHOD_MATCH = YES;
				COPY_PHASE_STRIP = NO;
				DEBUG_INFORMATION_FORMAT = dwarf;
				ENABLE_STRICT_OBJC_MSGSEND = YES;
				ENABLE_TESTABILITY = YES;
				ENABLE_USER_SCRIPT_SANDBOXING = YES;
				GCC_C_LANGUAGE_STANDARD = gnu17;
				GCC_DYNAMIC_NO_PIC = NO;
				GCC_NO_COMMON_BLOCKS = YES;
				GCC_OPTIMIZATION_LEVEL = 0;
				GCC_PREPROCESSOR_DEFINITIONS = (
					"DEBUG=1",
					"$(inherited)",
				);
				GCC_WARN_64_TO_32_BIT_CONVERSION = YES;
				GCC_WARN_ABOUT_RETURN_TYPE = YES_ERROR;
				GCC_WARN_UNDECLARED_SELECTOR = YES;
				GCC_WARN_UNINITIALIZED_AUTOS = YES_AGGRESSIVE;
				GCC_WARN_UNUSED_FUNCTION = YES;
				GCC_WARN_UNUSED_VARIABLE = YES;
				IPHONEOS_DEPLOYMENT_TARGET = 17.4;
				LOCALIZATION_PREFERS_STRING_CATALOGS = YES;
				MTL_ENABLE_DEBUG_INFO = INCLUDE_SOURCE;
				MTL_FAST_MATH = YES;
				ONLY_ACTIVE_ARCH = YES;
				SDKROOT = iphoneos;
				SWIFT_ACTIVE_COMPILATION_CONDITIONS = "DEBUG $(inherited)";
				SWIFT_OPTIMIZATION_LEVEL = "-Onone";
			};
			name = Debug;
		};
		CC7CDE202BB859060022BF33 /* Release */ = {
			isa = XCBuildConfiguration;
			buildSettings = {
				ALWAYS_SEARCH_USER_PATHS = NO;
				ASSETCATALOG_COMPILER_GENERATE_SWIFT_ASSET_SYMBOL_EXTENSIONS = YES;
				CLANG_ANALYZER_NONNULL = YES;
				CLANG_ANALYZER_NUMBER_OBJECT_CONVERSION = YES_AGGRESSIVE;
				CLANG_CXX_LANGUAGE_STANDARD = "gnu++20";
				CLANG_ENABLE_MODULES = YES;
				CLANG_ENABLE_OBJC_ARC = YES;
				CLANG_ENABLE_OBJC_WEAK = YES;
				CLANG_WARN_BLOCK_CAPTURE_AUTORELEASING = YES;
				CLANG_WARN_BOOL_CONVERSION = YES;
				CLANG_WARN_COMMA = YES;
				CLANG_WARN_CONSTANT_CONVERSION = YES;
				CLANG_WARN_DEPRECATED_OBJC_IMPLEMENTATIONS = YES;
				CLANG_WARN_DIRECT_OBJC_ISA_USAGE = YES_ERROR;
				CLANG_WARN_DOCUMENTATION_COMMENTS = YES;
				CLANG_WARN_EMPTY_BODY = YES;
				CLANG_WARN_ENUM_CONVERSION = YES;
				CLANG_WARN_INFINITE_RECURSION = YES;
				CLANG_WARN_INT_CONVERSION = YES;
				CLANG_WARN_NON_LITERAL_NULL_CONVERSION = YES;
				CLANG_WARN_OBJC_IMPLICIT_RETAIN_SELF = YES;
				CLANG_WARN_OBJC_LITERAL_CONVERSION = YES;
				CLANG_WARN_OBJC_ROOT_CLASS = YES_ERROR;
				CLANG_WARN_QUOTED_INCLUDE_IN_FRAMEWORK_HEADER = YES;
				CLANG_WARN_RANGE_LOOP_ANALYSIS = YES;
				CLANG_WARN_STRICT_PROTOTYPES = YES;
				CLANG_WARN_SUSPICIOUS_MOVE = YES;
				CLANG_WARN_UNGUARDED_AVAILABILITY = YES_AGGRESSIVE;
				CLANG_WARN_UNREACHABLE_CODE = YES;
				CLANG_WARN__DUPLICATE_METHOD_MATCH = YES;
				COPY_PHASE_STRIP = NO;
				DEBUG_INFORMATION_FORMAT = "dwarf-with-dsym";
				ENABLE_NS_ASSERTIONS = NO;
				ENABLE_STRICT_OBJC_MSGSEND = YES;
				ENABLE_USER_SCRIPT_SANDBOXING = YES;
				GCC_C_LANGUAGE_STANDARD = gnu17;
				GCC_NO_COMMON_BLOCKS = YES;
				GCC_WARN_64_TO_32_BIT_CONVERSION = YES;
				GCC_WARN_ABOUT_RETURN_TYPE = YES_ERROR;
				GCC_WARN_UNDECLARED_SELECTOR = YES;
				GCC_WARN_UNINITIALIZED_AUTOS = YES_AGGRESSIVE;
				GCC_WARN_UNUSED_FUNCTION = YES;
				GCC_WARN_UNUSED_VARIABLE = YES;
				IPHONEOS_DEPLOYMENT_TARGET = 17.4;
				LOCALIZATION_PREFERS_STRING_CATALOGS = YES;
				MTL_ENABLE_DEBUG_INFO = NO;
				MTL_FAST_MATH = YES;
				SDKROOT = iphoneos;
				SWIFT_COMPILATION_MODE = wholemodule;
				VALIDATE_PRODUCT = YES;
			};
			name = Release;
		};
		CC7CDE222BB859060022BF33 /* Debug */ = {
			isa = XCBuildConfiguration;
			buildSettings = {
				ASSETCATALOG_COMPILER_APPICON_NAME = AppIcon;
				ASSETCATALOG_COMPILER_GLOBAL_ACCENT_COLOR_NAME = AccentColor;
				CODE_SIGN_STYLE = Automatic;
				CURRENT_PROJECT_VERSION = 1;
				DEVELOPMENT_TEAM = 5Z8G42AVKD;
				GENERATE_INFOPLIST_FILE = YES;
				INFOPLIST_FILE = KimsToDo/Info.plist;
				INFOPLIST_KEY_UIApplicationSupportsIndirectInputEvents = YES;
				INFOPLIST_KEY_UILaunchStoryboardName = LaunchScreen;
				INFOPLIST_KEY_UIMainStoryboardFile = Main;
				INFOPLIST_KEY_UISupportedInterfaceOrientations_iPad = "UIInterfaceOrientationPortrait UIInterfaceOrientationPortraitUpsideDown UIInterfaceOrientationLandscapeLeft UIInterfaceOrientationLandscapeRight";
				INFOPLIST_KEY_UISupportedInterfaceOrientations_iPhone = "UIInterfaceOrientationPortrait UIInterfaceOrientationLandscapeLeft UIInterfaceOrientationLandscapeRight";
				LD_RUNPATH_SEARCH_PATHS = (
					"$(inherited)",
					"@executable_path/Frameworks",
				);
				MARKETING_VERSION = 1.0;
				PRODUCT_BUNDLE_IDENTIFIER = com.KimMinUng.KimsToDo;
				PRODUCT_NAME = "$(TARGET_NAME)";
				SWIFT_EMIT_LOC_STRINGS = YES;
				SWIFT_VERSION = 5.0;
				TARGETED_DEVICE_FAMILY = "1,2";
			};
			name = Debug;
		};
		CC7CDE232BB859060022BF33 /* Release */ = {
			isa = XCBuildConfiguration;
			buildSettings = {
				ASSETCATALOG_COMPILER_APPICON_NAME = AppIcon;
				ASSETCATALOG_COMPILER_GLOBAL_ACCENT_COLOR_NAME = AccentColor;
				CODE_SIGN_STYLE = Automatic;
				CURRENT_PROJECT_VERSION = 1;
				DEVELOPMENT_TEAM = 5Z8G42AVKD;
				GENERATE_INFOPLIST_FILE = YES;
				INFOPLIST_FILE = KimsToDo/Info.plist;
				INFOPLIST_KEY_UIApplicationSupportsIndirectInputEvents = YES;
				INFOPLIST_KEY_UILaunchStoryboardName = LaunchScreen;
				INFOPLIST_KEY_UIMainStoryboardFile = Main;
				INFOPLIST_KEY_UISupportedInterfaceOrientations_iPad = "UIInterfaceOrientationPortrait UIInterfaceOrientationPortraitUpsideDown UIInterfaceOrientationLandscapeLeft UIInterfaceOrientationLandscapeRight";
				INFOPLIST_KEY_UISupportedInterfaceOrientations_iPhone = "UIInterfaceOrientationPortrait UIInterfaceOrientationLandscapeLeft UIInterfaceOrientationLandscapeRight";
				LD_RUNPATH_SEARCH_PATHS = (
					"$(inherited)",
					"@executable_path/Frameworks",
				);
				MARKETING_VERSION = 1.0;
				PRODUCT_BUNDLE_IDENTIFIER = com.KimMinUng.KimsToDo;
				PRODUCT_NAME = "$(TARGET_NAME)";
				SWIFT_EMIT_LOC_STRINGS = YES;
				SWIFT_VERSION = 5.0;
				TARGETED_DEVICE_FAMILY = "1,2";
			};
			name = Release;
		};
/* End XCBuildConfiguration section */

/* Begin XCConfigurationList section */
		CC7CDE082BB859050022BF33 /* Build configuration list for PBXProject "KimsToDo" */ = {
			isa = XCConfigurationList;
			buildConfigurations = (
				CC7CDE1F2BB859060022BF33 /* Debug */,
				CC7CDE202BB859060022BF33 /* Release */,
			);
			defaultConfigurationIsVisible = 0;
			defaultConfigurationName = Release;
		};
		CC7CDE212BB859060022BF33 /* Build configuration list for PBXNativeTarget "KimsToDo" */ = {
			isa = XCConfigurationList;
			buildConfigurations = (
				CC7CDE222BB859060022BF33 /* Debug */,
				CC7CDE232BB859060022BF33 /* Release */,
			);
			defaultConfigurationIsVisible = 0;
			defaultConfigurationName = Release;
		};
/* End XCConfigurationList section */
	};
	rootObject = CC7CDE052BB859050022BF33 /* Project object */;
}
