// !$*UTF8*$!
{
	archiveVersion = 1;
	classes = {
	};
	objectVersion = 56;
	objects = {

/* Begin PBXBuildFile section */
		CCE51ECD2B55110100EC32B5 /* MyFirstProjectApp.swift in Sources */ = {isa = PBXBuildFile; fileRef = CCE51ECC2B55110100EC32B5 /* MyFirstProjectApp.swift */; };
		CCE51ECF2B55110100EC32B5 /* ContentView.swift in Sources */ = {isa = PBXBuildFile; fileRef = CCE51ECE2B55110100EC32B5 /* ContentView.swift */; };
		CCE51ED12B55110800EC32B5 /* Assets.xcassets in Resources */ = {isa = PBXBuildFile; fileRef = CCE51ED02B55110800EC32B5 /* Assets.xcassets */; };
		CCE51ED42B55110800EC32B5 /* Preview Assets.xcassets in Resources */ = {isa = PBXBuildFile; fileRef = CCE51ED32B55110800EC32B5 /* Preview Assets.xcassets */; };
		CCE51EDE2B55110800EC32B5 /* MyFirstProjectTests.swift in Sources */ = {isa = PBXBuildFile; fileRef = CCE51EDD2B55110800EC32B5 /* MyFirstProjectTests.swift */; };
		CCE51EE82B55110800EC32B5 /* MyFirstProjectUITests.swift in Sources */ = {isa = PBXBuildFile; fileRef = CCE51EE72B55110800EC32B5 /* MyFirstProjectUITests.swift */; };
		CCE51EEA2B55110800EC32B5 /* MyFirstProjectUITestsLaunchTests.swift in Sources */ = {isa = PBXBuildFile; fileRef = CCE51EE92B55110800EC32B5 /* MyFirstProjectUITestsLaunchTests.swift */; };
/* End PBXBuildFile section */

/* Begin PBXContainerItemProxy section */
		CCE51EDA2B55110800EC32B5 /* PBXContainerItemProxy */ = {
			isa = PBXContainerItemProxy;
			containerPortal = CCE51EC12B55110100EC32B5 /* Project object */;
			proxyType = 1;
			remoteGlobalIDString = CCE51EC82B55110100EC32B5;
			remoteInfo = MyFirstProject;
		};
		CCE51EE42B55110800EC32B5 /* PBXContainerItemProxy */ = {
			isa = PBXContainerItemProxy;
			containerPortal = CCE51EC12B55110100EC32B5 /* Project object */;
			proxyType = 1;
			remoteGlobalIDString = CCE51EC82B55110100EC32B5;
			remoteInfo = MyFirstProject;
		};
/* End PBXContainerItemProxy section */

/* Begin PBXFileReference section */
		CCE51EC92B55110100EC32B5 /* MyFirstProject.app */ = {isa = PBXFileReference; explicitFileType = wrapper.application; includeInIndex = 0; path = MyFirstProject.app; sourceTree = BUILT_PRODUCTS_DIR; };
		CCE51ECC2B55110100EC32B5 /* MyFirstProjectApp.swift */ = {isa = PBXFileReference; lastKnownFileType = sourcecode.swift; path = MyFirstProjectApp.swift; sourceTree = "<group>"; };
		CCE51ECE2B55110100EC32B5 /* ContentView.swift */ = {isa = PBXFileReference; lastKnownFileType = sourcecode.swift; path = ContentView.swift; sourceTree = "<group>"; };
		CCE51ED02B55110800EC32B5 /* Assets.xcassets */ = {isa = PBXFileReference; lastKnownFileType = folder.assetcatalog; path = Assets.xcassets; sourceTree = "<group>"; };
		CCE51ED32B55110800EC32B5 /* Preview Assets.xcassets */ = {isa = PBXFileReference; lastKnownFileType = folder.assetcatalog; path = "Preview Assets.xcassets"; sourceTree = "<group>"; };
		CCE51ED92B55110800EC32B5 /* MyFirstProjectTests.xctest */ = {isa = PBXFileReference; explicitFileType = wrapper.cfbundle; includeInIndex = 0; path = MyFirstProjectTests.xctest; sourceTree = BUILT_PRODUCTS_DIR; };
		CCE51EDD2B55110800EC32B5 /* MyFirstProjectTests.swift */ = {isa = PBXFileReference; lastKnownFileType = sourcecode.swift; path = MyFirstProjectTests.swift; sourceTree = "<group>"; };
		CCE51EE32B55110800EC32B5 /* MyFirstProjectUITests.xctest */ = {isa = PBXFileReference; explicitFileType = wrapper.cfbundle; includeInIndex = 0; path = MyFirstProjectUITests.xctest; sourceTree = BUILT_PRODUCTS_DIR; };
		CCE51EE72B55110800EC32B5 /* MyFirstProjectUITests.swift */ = {isa = PBXFileReference; lastKnownFileType = sourcecode.swift; path = MyFirstProjectUITests.swift; sourceTree = "<group>"; };
		CCE51EE92B55110800EC32B5 /* MyFirstProjectUITestsLaunchTests.swift */ = {isa = PBXFileReference; lastKnownFileType = sourcecode.swift; path = MyFirstProjectUITestsLaunchTests.swift; sourceTree = "<group>"; };
/* End PBXFileReference section */

/* Begin PBXFrameworksBuildPhase section */
		CCE51EC62B55110100EC32B5 /* Frameworks */ = {
			isa = PBXFrameworksBuildPhase;
			buildActionMask = 2147483647;
			files = (
			);
			runOnlyForDeploymentPostprocessing = 0;
		};
		CCE51ED62B55110800EC32B5 /* Frameworks */ = {
			isa = PBXFrameworksBuildPhase;
			buildActionMask = 2147483647;
			files = (
			);
			runOnlyForDeploymentPostprocessing = 0;
		};
		CCE51EE02B55110800EC32B5 /* Frameworks */ = {
			isa = PBXFrameworksBuildPhase;
			buildActionMask = 2147483647;
			files = (
			);
			runOnlyForDeploymentPostprocessing = 0;
		};
/* End PBXFrameworksBuildPhase section */

/* Begin PBXGroup section */
		CCE51EC02B55110100EC32B5 = {
			isa = PBXGroup;
			children = (
				CCE51ECB2B55110100EC32B5 /* MyFirstProject */,
				CCE51EDC2B55110800EC32B5 /* MyFirstProjectTests */,
				CCE51EE62B55110800EC32B5 /* MyFirstProjectUITests */,
				CCE51ECA2B55110100EC32B5 /* Products */,
			);
			sourceTree = "<group>";
		};
		CCE51ECA2B55110100EC32B5 /* Products */ = {
			isa = PBXGroup;
			children = (
				CCE51EC92B55110100EC32B5 /* MyFirstProject.app */,
				CCE51ED92B55110800EC32B5 /* MyFirstProjectTests.xctest */,
				CCE51EE32B55110800EC32B5 /* MyFirstProjectUITests.xctest */,
			);
			name = Products;
			sourceTree = "<group>";
		};
		CCE51ECB2B55110100EC32B5 /* MyFirstProject */ = {
			isa = PBXGroup;
			children = (
				CCE51ECC2B55110100EC32B5 /* MyFirstProjectApp.swift */,
				CCE51ECE2B55110100EC32B5 /* ContentView.swift */,
				CCE51ED02B55110800EC32B5 /* Assets.xcassets */,
				CCE51ED22B55110800EC32B5 /* Preview Content */,
			);
			path = MyFirstProject;
			sourceTree = "<group>";
		};
		CCE51ED22B55110800EC32B5 /* Preview Content */ = {
			isa = PBXGroup;
			children = (
				CCE51ED32B55110800EC32B5 /* Preview Assets.xcassets */,
			);
			path = "Preview Content";
			sourceTree = "<group>";
		};
		CCE51EDC2B55110800EC32B5 /* MyFirstProjectTests */ = {
			isa = PBXGroup;
			children = (
				CCE51EDD2B55110800EC32B5 /* MyFirstProjectTests.swift */,
			);
			path = MyFirstProjectTests;
			sourceTree = "<group>";
		};
		CCE51EE62B55110800EC32B5 /* MyFirstProjectUITests */ = {
			isa = PBXGroup;
			children = (
				CCE51EE72B55110800EC32B5 /* MyFirstProjectUITests.swift */,
				CCE51EE92B55110800EC32B5 /* MyFirstProjectUITestsLaunchTests.swift */,
			);
			path = MyFirstProjectUITests;
			sourceTree = "<group>";
		};
/* End PBXGroup section */

/* Begin PBXNativeTarget section */
		CCE51EC82B55110100EC32B5 /* MyFirstProject */ = {
			isa = PBXNativeTarget;
			buildConfigurationList = CCE51EED2B55110800EC32B5 /* Build configuration list for PBXNativeTarget "MyFirstProject" */;
			buildPhases = (
				CCE51EC52B55110100EC32B5 /* Sources */,
				CCE51EC62B55110100EC32B5 /* Frameworks */,
				CCE51EC72B55110100EC32B5 /* Resources */,
			);
			buildRules = (
			);
			dependencies = (
			);
			name = MyFirstProject;
			productName = MyFirstProject;
			productReference = CCE51EC92B55110100EC32B5 /* MyFirstProject.app */;
			productType = "com.apple.product-type.application";
		};
		CCE51ED82B55110800EC32B5 /* MyFirstProjectTests */ = {
			isa = PBXNativeTarget;
			buildConfigurationList = CCE51EF02B55110800EC32B5 /* Build configuration list for PBXNativeTarget "MyFirstProjectTests" */;
			buildPhases = (
				CCE51ED52B55110800EC32B5 /* Sources */,
				CCE51ED62B55110800EC32B5 /* Frameworks */,
				CCE51ED72B55110800EC32B5 /* Resources */,
			);
			buildRules = (
			);
			dependencies = (
				CCE51EDB2B55110800EC32B5 /* PBXTargetDependency */,
			);
			name = MyFirstProjectTests;
			productName = MyFirstProjectTests;
			productReference = CCE51ED92B55110800EC32B5 /* MyFirstProjectTests.xctest */;
			productType = "com.apple.product-type.bundle.unit-test";
		};
		CCE51EE22B55110800EC32B5 /* MyFirstProjectUITests */ = {
			isa = PBXNativeTarget;
			buildConfigurationList = CCE51EF32B55110800EC32B5 /* Build configuration list for PBXNativeTarget "MyFirstProjectUITests" */;
			buildPhases = (
				CCE51EDF2B55110800EC32B5 /* Sources */,
				CCE51EE02B55110800EC32B5 /* Frameworks */,
				CCE51EE12B55110800EC32B5 /* Resources */,
			);
			buildRules = (
			);
			dependencies = (
				CCE51EE52B55110800EC32B5 /* PBXTargetDependency */,
			);
			name = MyFirstProjectUITests;
			productName = MyFirstProjectUITests;
			productReference = CCE51EE32B55110800EC32B5 /* MyFirstProjectUITests.xctest */;
			productType = "com.apple.product-type.bundle.ui-testing";
		};
/* End PBXNativeTarget section */

/* Begin PBXProject section */
		CCE51EC12B55110100EC32B5 /* Project object */ = {
			isa = PBXProject;
			attributes = {
				BuildIndependentTargetsInParallel = 1;
				LastSwiftUpdateCheck = 1520;
				LastUpgradeCheck = 1520;
				TargetAttributes = {
					CCE51EC82B55110100EC32B5 = {
						CreatedOnToolsVersion = 15.2;
					};
					CCE51ED82B55110800EC32B5 = {
						CreatedOnToolsVersion = 15.2;
						TestTargetID = CCE51EC82B55110100EC32B5;
					};
					CCE51EE22B55110800EC32B5 = {
						CreatedOnToolsVersion = 15.2;
						TestTargetID = CCE51EC82B55110100EC32B5;
					};
				};
			};
			buildConfigurationList = CCE51EC42B55110100EC32B5 /* Build configuration list for PBXProject "MyFirstProject" */;
			compatibilityVersion = "Xcode 14.0";
			developmentRegion = en;
			hasScannedForEncodings = 0;
			knownRegions = (
				en,
				Base,
			);
			mainGroup = CCE51EC02B55110100EC32B5;
			productRefGroup = CCE51ECA2B55110100EC32B5 /* Products */;
			projectDirPath = "";
			projectRoot = "";
			targets = (
				CCE51EC82B55110100EC32B5 /* MyFirstProject */,
				CCE51ED82B55110800EC32B5 /* MyFirstProjectTests */,
				CCE51EE22B55110800EC32B5 /* MyFirstProjectUITests */,
			);
		};
/* End PBXProject section */

/* Begin PBXResourcesBuildPhase section */
		CCE51EC72B55110100EC32B5 /* Resources */ = {
			isa = PBXResourcesBuildPhase;
			buildActionMask = 2147483647;
			files = (
				CCE51ED42B55110800EC32B5 /* Preview Assets.xcassets in Resources */,
				CCE51ED12B55110800EC32B5 /* Assets.xcassets in Resources */,
			);
			runOnlyForDeploymentPostprocessing = 0;
		};
		CCE51ED72B55110800EC32B5 /* Resources */ = {
			isa = PBXResourcesBuildPhase;
			buildActionMask = 2147483647;
			files = (
			);
			runOnlyForDeploymentPostprocessing = 0;
		};
		CCE51EE12B55110800EC32B5 /* Resources */ = {
			isa = PBXResourcesBuildPhase;
			buildActionMask = 2147483647;
			files = (
			);
			runOnlyForDeploymentPostprocessing = 0;
		};
/* End PBXResourcesBuildPhase section */

/* Begin PBXSourcesBuildPhase section */
		CCE51EC52B55110100EC32B5 /* Sources */ = {
			isa = PBXSourcesBuildPhase;
			buildActionMask = 2147483647;
			files = (
				CCE51ECF2B55110100EC32B5 /* ContentView.swift in Sources */,
				CCE51ECD2B55110100EC32B5 /* MyFirstProjectApp.swift in Sources */,
			);
			runOnlyForDeploymentPostprocessing = 0;
		};
		CCE51ED52B55110800EC32B5 /* Sources */ = {
			isa = PBXSourcesBuildPhase;
			buildActionMask = 2147483647;
			files = (
				CCE51EDE2B55110800EC32B5 /* MyFirstProjectTests.swift in Sources */,
			);
			runOnlyForDeploymentPostprocessing = 0;
		};
		CCE51EDF2B55110800EC32B5 /* Sources */ = {
			isa = PBXSourcesBuildPhase;
			buildActionMask = 2147483647;
			files = (
				CCE51EE82B55110800EC32B5 /* MyFirstProjectUITests.swift in Sources */,
				CCE51EEA2B55110800EC32B5 /* MyFirstProjectUITestsLaunchTests.swift in Sources */,
			);
			runOnlyForDeploymentPostprocessing = 0;
		};
/* End PBXSourcesBuildPhase section */

/* Begin PBXTargetDependency section */
		CCE51EDB2B55110800EC32B5 /* PBXTargetDependency */ = {
			isa = PBXTargetDependency;
			target = CCE51EC82B55110100EC32B5 /* MyFirstProject */;
			targetProxy = CCE51EDA2B55110800EC32B5 /* PBXContainerItemProxy */;
		};
		CCE51EE52B55110800EC32B5 /* PBXTargetDependency */ = {
			isa = PBXTargetDependency;
			target = CCE51EC82B55110100EC32B5 /* MyFirstProject */;
			targetProxy = CCE51EE42B55110800EC32B5 /* PBXContainerItemProxy */;
		};
/* End PBXTargetDependency section */

/* Begin XCBuildConfiguration section */
		CCE51EEB2B55110800EC32B5 /* Debug */ = {
			isa = XCBuildConfiguration;
			buildSettings = {
				ALWAYS_SEARCH_USER_PATHS = NO;
				ASSETCATALOG_COMPILER_GENERATE_SWIFT_ASSET_SYMBOL_EXTENSIONS = YES;
				CLANG_ANALYZER_NONNULL = YES;
				CLANG_ANALYZER_NUMBER_OBJECT_CONVERSION = YES_AGGRESSIVE;
				CLANG_CXX_LANGUAGE_STANDARD = "gnu++20";
				CLANG_ENABLE_MODULES = YES;
				CLANG_ENABLE_OBJC_ARC = YES;
				CLANG_ENABLE_OBJC_WEAK = YES;
				CLANG_WARN_BLOCK_CAPTURE_AUTORELEASING = YES;
				CLANG_WARN_BOOL_CONVERSION = YES;
				CLANG_WARN_COMMA = YES;
				CLANG_WARN_CONSTANT_CONVERSION = YES;
				CLANG_WARN_DEPRECATED_OBJC_IMPLEMENTATIONS = YES;
				CLANG_WARN_DIRECT_OBJC_ISA_USAGE = YES_ERROR;
				CLANG_WARN_DOCUMENTATION_COMMENTS = YES;
				CLANG_WARN_EMPTY_BODY = YES;
				CLANG_WARN_ENUM_CONVERSION = YES;
				CLANG_WARN_INFINITE_RECURSION = YES;
				CLANG_WARN_INT_CONVERSION = YES;
				CLANG_WARN_NON_LITERAL_NULL_CONVERSION = YES;
				CLANG_WARN_OBJC_IMPLICIT_RETAIN_SELF = YES;
				CLANG_WARN_OBJC_LITERAL_CONVERSION = YES;
				CLANG_WARN_OBJC_ROOT_CLASS = YES_ERROR;
				CLANG_WARN_QUOTED_INCLUDE_IN_FRAMEWORK_HEADER = YES;
				CLANG_WARN_RANGE_LOOP_ANALYSIS = YES;
				CLANG_WARN_STRICT_PROTOTYPES = YES;
				CLANG_WARN_SUSPICIOUS_MOVE = YES;
				CLANG_WARN_UNGUARDED_AVAILABILITY = YES_AGGRESSIVE;
				CLANG_WARN_UNREACHABLE_CODE = YES;
				CLANG_WARN__DUPLICATE_METHOD_MATCH = YES;
				COPY_PHASE_STRIP = NO;
				DEBUG_INFORMATION_FORMAT = dwarf;
				ENABLE_STRICT_OBJC_MSGSEND = YES;
				ENABLE_TESTABILITY = YES;
				ENABLE_USER_SCRIPT_SANDBOXING = YES;
				GCC_C_LANGUAGE_STANDARD = gnu17;
				GCC_DYNAMIC_NO_PIC = NO;
				GCC_NO_COMMON_BLOCKS = YES;
				GCC_OPTIMIZATION_LEVEL = 0;
				GCC_PREPROCESSOR_DEFINITIONS = (
					"DEBUG=1",
					"$(inherited)",
				);
				GCC_WARN_64_TO_32_BIT_CONVERSION = YES;
				GCC_WARN_ABOUT_RETURN_TYPE = YES_ERROR;
				GCC_WARN_UNDECLARED_SELECTOR = YES;
				GCC_WARN_UNINITIALIZED_AUTOS = YES_AGGRESSIVE;
				GCC_WARN_UNUSED_FUNCTION = YES;
				GCC_WARN_UNUSED_VARIABLE = YES;
				IPHONEOS_DEPLOYMENT_TARGET = 17.2;
				LOCALIZATION_PREFERS_STRING_CATALOGS = YES;
				MTL_ENABLE_DEBUG_INFO = INCLUDE_SOURCE;
				MTL_FAST_MATH = YES;
				ONLY_ACTIVE_ARCH = YES;
				SDKROOT = iphoneos;
				SWIFT_ACTIVE_COMPILATION_CONDITIONS = "DEBUG $(inherited)";
				SWIFT_OPTIMIZATION_LEVEL = "-Onone";
			};
			name = Debug;
		};
		CCE51EEC2B55110800EC32B5 /* Release */ = {
			isa = XCBuildConfiguration;
			buildSettings = {
				ALWAYS_SEARCH_USER_PATHS = NO;
				ASSETCATALOG_COMPILER_GENERATE_SWIFT_ASSET_SYMBOL_EXTENSIONS = YES;
				CLANG_ANALYZER_NONNULL = YES;
				CLANG_ANALYZER_NUMBER_OBJECT_CONVERSION = YES_AGGRESSIVE;
				CLANG_CXX_LANGUAGE_STANDARD = "gnu++20";
				CLANG_ENABLE_MODULES = YES;
				CLANG_ENABLE_OBJC_ARC = YES;
				CLANG_ENABLE_OBJC_WEAK = YES;
				CLANG_WARN_BLOCK_CAPTURE_AUTORELEASING = YES;
				CLANG_WARN_BOOL_CONVERSION = YES;
				CLANG_WARN_COMMA = YES;
				CLANG_WARN_CONSTANT_CONVERSION = YES;
				CLANG_WARN_DEPRECATED_OBJC_IMPLEMENTATIONS = YES;
				CLANG_WARN_DIRECT_OBJC_ISA_USAGE = YES_ERROR;
				CLANG_WARN_DOCUMENTATION_COMMENTS = YES;
				CLANG_WARN_EMPTY_BODY = YES;
				CLANG_WARN_ENUM_CONVERSION = YES;
				CLANG_WARN_INFINITE_RECURSION = YES;
				CLANG_WARN_INT_CONVERSION = YES;
				CLANG_WARN_NON_LITERAL_NULL_CONVERSION = YES;
				CLANG_WARN_OBJC_IMPLICIT_RETAIN_SELF = YES;
				CLANG_WARN_OBJC_LITERAL_CONVERSION = YES;
				CLANG_WARN_OBJC_ROOT_CLASS = YES_ERROR;
				CLANG_WARN_QUOTED_INCLUDE_IN_FRAMEWORK_HEADER = YES;
				CLANG_WARN_RANGE_LOOP_ANALYSIS = YES;
				CLANG_WARN_STRICT_PROTOTYPES = YES;
				CLANG_WARN_SUSPICIOUS_MOVE = YES;
				CLANG_WARN_UNGUARDED_AVAILABILITY = YES_AGGRESSIVE;
				CLANG_WARN_UNREACHABLE_CODE = YES;
				CLANG_WARN__DUPLICATE_METHOD_MATCH = YES;
				COPY_PHASE_STRIP = NO;
				DEBUG_INFORMATION_FORMAT = "dwarf-with-dsym";
				ENABLE_NS_ASSERTIONS = NO;
				ENABLE_STRICT_OBJC_MSGSEND = YES;
				ENABLE_USER_SCRIPT_SANDBOXING = YES;
				GCC_C_LANGUAGE_STANDARD = gnu17;
				GCC_NO_COMMON_BLOCKS = YES;
				GCC_WARN_64_TO_32_BIT_CONVERSION = YES;
				GCC_WARN_ABOUT_RETURN_TYPE = YES_ERROR;
				GCC_WARN_UNDECLARED_SELECTOR = YES;
				GCC_WARN_UNINITIALIZED_AUTOS = YES_AGGRESSIVE;
				GCC_WARN_UNUSED_FUNCTION = YES;
				GCC_WARN_UNUSED_VARIABLE = YES;
				IPHONEOS_DEPLOYMENT_TARGET = 17.2;
				LOCALIZATION_PREFERS_STRING_CATALOGS = YES;
				MTL_ENABLE_DEBUG_INFO = NO;
				MTL_FAST_MATH = YES;
				SDKROOT = iphoneos;
				SWIFT_COMPILATION_MODE = wholemodule;
				VALIDATE_PRODUCT = YES;
			};
			name = Release;
		};
		CCE51EEE2B55110800EC32B5 /* Debug */ = {
			isa = XCBuildConfiguration;
			buildSettings = {
				ASSETCATALOG_COMPILER_APPICON_NAME = AppIcon;
				ASSETCATALOG_COMPILER_GLOBAL_ACCENT_COLOR_NAME = AccentColor;
				CODE_SIGN_STYLE = Automatic;
				CURRENT_PROJECT_VERSION = 1;
				DEVELOPMENT_ASSET_PATHS = "\"MyFirstProject/Preview Content\"";
				DEVELOPMENT_TEAM = 5Z8G42AVKD;
				ENABLE_PREVIEWS = YES;
				GENERATE_INFOPLIST_FILE = YES;
				INFOPLIST_KEY_UIApplicationSceneManifest_Generation = YES;
				INFOPLIST_KEY_UIApplicationSupportsIndirectInputEvents = YES;
				INFOPLIST_KEY_UILaunchScreen_Generation = YES;
				INFOPLIST_KEY_UISupportedInterfaceOrientations_iPad = "UIInterfaceOrientationPortrait UIInterfaceOrientationPortraitUpsideDown UIInterfaceOrientationLandscapeLeft UIInterfaceOrientationLandscapeRight";
				INFOPLIST_KEY_UISupportedInterfaceOrientations_iPhone = "UIInterfaceOrientationPortrait UIInterfaceOrientationLandscapeLeft UIInterfaceOrientationLandscapeRight";
				LD_RUNPATH_SEARCH_PATHS = (
					"$(inherited)",
					"@executable_path/Frameworks",
				);
				MARKETING_VERSION = 1.0;
				PRODUCT_BUNDLE_IDENTIFIER = com.KimMinUng.MyFirstProject;
				PRODUCT_NAME = "$(TARGET_NAME)";
				SWIFT_EMIT_LOC_STRINGS = YES;
				SWIFT_VERSION = 5.0;
				TARGETED_DEVICE_FAMILY = "1,2";
			};
			name = Debug;
		};
		CCE51EEF2B55110800EC32B5 /* Release */ = {
			isa = XCBuildConfiguration;
			buildSettings = {
				ASSETCATALOG_COMPILER_APPICON_NAME = AppIcon;
				ASSETCATALOG_COMPILER_GLOBAL_ACCENT_COLOR_NAME = AccentColor;
				CODE_SIGN_STYLE = Automatic;
				CURRENT_PROJECT_VERSION = 1;
				DEVELOPMENT_ASSET_PATHS = "\"MyFirstProject/Preview Content\"";
				DEVELOPMENT_TEAM = 5Z8G42AVKD;
				ENABLE_PREVIEWS = YES;
				GENERATE_INFOPLIST_FILE = YES;
				INFOPLIST_KEY_UIApplicationSceneManifest_Generation = YES;
				INFOPLIST_KEY_UIApplicationSupportsIndirectInputEvents = YES;
				INFOPLIST_KEY_UILaunchScreen_Generation = YES;
				INFOPLIST_KEY_UISupportedInterfaceOrientations_iPad = "UIInterfaceOrientationPortrait UIInterfaceOrientationPortraitUpsideDown UIInterfaceOrientationLandscapeLeft UIInterfaceOrientationLandscapeRight";
				INFOPLIST_KEY_UISupportedInterfaceOrientations_iPhone = "UIInterfaceOrientationPortrait UIInterfaceOrientationLandscapeLeft UIInterfaceOrientationLandscapeRight";
				LD_RUNPATH_SEARCH_PATHS = (
					"$(inherited)",
					"@executable_path/Frameworks",
				);
				MARKETING_VERSION = 1.0;
				PRODUCT_BUNDLE_IDENTIFIER = com.KimMinUng.MyFirstProject;
				PRODUCT_NAME = "$(TARGET_NAME)";
				SWIFT_EMIT_LOC_STRINGS = YES;
				SWIFT_VERSION = 5.0;
				TARGETED_DEVICE_FAMILY = "1,2";
			};
			name = Release;
		};
		CCE51EF12B55110800EC32B5 /* Debug */ = {
			isa = XCBuildConfiguration;
			buildSettings = {
				ALWAYS_EMBED_SWIFT_STANDARD_LIBRARIES = YES;
				BUNDLE_LOADER = "$(TEST_HOST)";
				CODE_SIGN_STYLE = Automatic;
				CURRENT_PROJECT_VERSION = 1;
				DEVELOPMENT_TEAM = 5Z8G42AVKD;
				GENERATE_INFOPLIST_FILE = YES;
				IPHONEOS_DEPLOYMENT_TARGET = 17.2;
				MARKETING_VERSION = 1.0;
				PRODUCT_BUNDLE_IDENTIFIER = com.KimMinUng.MyFirstProjectTests;
				PRODUCT_NAME = "$(TARGET_NAME)";
				SWIFT_EMIT_LOC_STRINGS = NO;
				SWIFT_VERSION = 5.0;
				TARGETED_DEVICE_FAMILY = "1,2";
				TEST_HOST = "$(BUILT_PRODUCTS_DIR)/MyFirstProject.app/$(BUNDLE_EXECUTABLE_FOLDER_PATH)/MyFirstProject";
			};
			name = Debug;
		};
		CCE51EF22B55110800EC32B5 /* Release */ = {
			isa = XCBuildConfiguration;
			buildSettings = {
				ALWAYS_EMBED_SWIFT_STANDARD_LIBRARIES = YES;
				BUNDLE_LOADER = "$(TEST_HOST)";
				CODE_SIGN_STYLE = Automatic;
				CURRENT_PROJECT_VERSION = 1;
				DEVELOPMENT_TEAM = 5Z8G42AVKD;
				GENERATE_INFOPLIST_FILE = YES;
				IPHONEOS_DEPLOYMENT_TARGET = 17.2;
				MARKETING_VERSION = 1.0;
				PRODUCT_BUNDLE_IDENTIFIER = com.KimMinUng.MyFirstProjectTests;
				PRODUCT_NAME = "$(TARGET_NAME)";
				SWIFT_EMIT_LOC_STRINGS = NO;
				SWIFT_VERSION = 5.0;
				TARGETED_DEVICE_FAMILY = "1,2";
				TEST_HOST = "$(BUILT_PRODUCTS_DIR)/MyFirstProject.app/$(BUNDLE_EXECUTABLE_FOLDER_PATH)/MyFirstProject";
			};
			name = Release;
		};
		CCE51EF42B55110800EC32B5 /* Debug */ = {
			isa = XCBuildConfiguration;
			buildSettings = {
				ALWAYS_EMBED_SWIFT_STANDARD_LIBRARIES = YES;
				CODE_SIGN_STYLE = Automatic;
				CURRENT_PROJECT_VERSION = 1;
				DEVELOPMENT_TEAM = 5Z8G42AVKD;
				GENERATE_INFOPLIST_FILE = YES;
				MARKETING_VERSION = 1.0;
				PRODUCT_BUNDLE_IDENTIFIER = com.KimMinUng.MyFirstProjectUITests;
				PRODUCT_NAME = "$(TARGET_NAME)";
				SWIFT_EMIT_LOC_STRINGS = NO;
				SWIFT_VERSION = 5.0;
				TARGETED_DEVICE_FAMILY = "1,2";
				TEST_TARGET_NAME = MyFirstProject;
			};
			name = Debug;
		};
		CCE51EF52B55110800EC32B5 /* Release */ = {
			isa = XCBuildConfiguration;
			buildSettings = {
				ALWAYS_EMBED_SWIFT_STANDARD_LIBRARIES = YES;
				CODE_SIGN_STYLE = Automatic;
				CURRENT_PROJECT_VERSION = 1;
				DEVELOPMENT_TEAM = 5Z8G42AVKD;
				GENERATE_INFOPLIST_FILE = YES;
				MARKETING_VERSION = 1.0;
				PRODUCT_BUNDLE_IDENTIFIER = com.KimMinUng.MyFirstProjectUITests;
				PRODUCT_NAME = "$(TARGET_NAME)";
				SWIFT_EMIT_LOC_STRINGS = NO;
				SWIFT_VERSION = 5.0;
				TARGETED_DEVICE_FAMILY = "1,2";
				TEST_TARGET_NAME = MyFirstProject;
			};
			name = Release;
		};
/* End XCBuildConfiguration section */

/* Begin XCConfigurationList section */
		CCE51EC42B55110100EC32B5 /* Build configuration list for PBXProject "MyFirstProject" */ = {
			isa = XCConfigurationList;
			buildConfigurations = (
				CCE51EEB2B55110800EC32B5 /* Debug */,
				CCE51EEC2B55110800EC32B5 /* Release */,
			);
			defaultConfigurationIsVisible = 0;
			defaultConfigurationName = Release;
		};
		CCE51EED2B55110800EC32B5 /* Build configuration list for PBXNativeTarget "MyFirstProject" */ = {
			isa = XCConfigurationList;
			buildConfigurations = (
				CCE51EEE2B55110800EC32B5 /* Debug */,
				CCE51EEF2B55110800EC32B5 /* Release */,
			);
			defaultConfigurationIsVisible = 0;
			defaultConfigurationName = Release;
		};
		CCE51EF02B55110800EC32B5 /* Build configuration list for PBXNativeTarget "MyFirstProjectTests" */ = {
			isa = XCConfigurationList;
			buildConfigurations = (
				CCE51EF12B55110800EC32B5 /* Debug */,
				CCE51EF22B55110800EC32B5 /* Release */,
			);
			defaultConfigurationIsVisible = 0;
			defaultConfigurationName = Release;
		};
		CCE51EF32B55110800EC32B5 /* Build configuration list for PBXNativeTarget "MyFirstProjectUITests" */ = {
			isa = XCConfigurationList;
			buildConfigurations = (
				CCE51EF42B55110800EC32B5 /* Debug */,
				CCE51EF52B55110800EC32B5 /* Release */,
			);
			defaultConfigurationIsVisible = 0;
			defaultConfigurationName = Release;
		};
/* End XCConfigurationList section */
	};
	rootObject = CCE51EC12B55110100EC32B5 /* Project object */;
}
